// !$*UTF8*$!
{
	archiveVersion = 1;
	classes = {
	};
	objectVersion = 56;
	objects = {

/* Begin PBXBuildFile section */
		CB35785F2B4B3BA500A45D05 /* Apple_FrameworksApp.swift in Sources */ = {isa = PBXBuildFile; fileRef = CB35785E2B4B3BA500A45D05 /* Apple_FrameworksApp.swift */; };
		CB3578632B4B3BA700A45D05 /* Assets.xcassets in Resources */ = {isa = PBXBuildFile; fileRef = CB3578622B4B3BA700A45D05 /* Assets.xcassets */; };
		CB3578672B4B3BA700A45D05 /* Preview Assets.xcassets in Resources */ = {isa = PBXBuildFile; fileRef = CB3578662B4B3BA700A45D05 /* Preview Assets.xcassets */; };
		CB3578712B4B3BA700A45D05 /* Apple_FrameworksTests.swift in Sources */ = {isa = PBXBuildFile; fileRef = CB3578702B4B3BA700A45D05 /* Apple_FrameworksTests.swift */; };
		CB35787B2B4B3BA700A45D05 /* Apple_FrameworksUITests.swift in Sources */ = {isa = PBXBuildFile; fileRef = CB35787A2B4B3BA700A45D05 /* Apple_FrameworksUITests.swift */; };
		CB35787D2B4B3BA700A45D05 /* Apple_FrameworksUITestsLaunchTests.swift in Sources */ = {isa = PBXBuildFile; fileRef = CB35787C2B4B3BA700A45D05 /* Apple_FrameworksUITestsLaunchTests.swift */; };
		CB35788A2B4B418000A45D05 /* Framework.swift in Sources */ = {isa = PBXBuildFile; fileRef = CB3578892B4B418000A45D05 /* Framework.swift */; };
		CB35788C2B4B42CD00A45D05 /* FrameworkGridView.swift in Sources */ = {isa = PBXBuildFile; fileRef = CB35788B2B4B42CD00A45D05 /* FrameworkGridView.swift */; };
		CB35788E2B4B48A500A45D05 /* FrameworkDetailView.swift in Sources */ = {isa = PBXBuildFile; fileRef = CB35788D2B4B48A500A45D05 /* FrameworkDetailView.swift */; };
		CB3578902B4B4A5700A45D05 /* AFButton.swift in Sources */ = {isa = PBXBuildFile; fileRef = CB35788F2B4B4A5700A45D05 /* AFButton.swift */; };
/* End PBXBuildFile section */

/* Begin PBXContainerItemProxy section */
		CB35786D2B4B3BA700A45D05 /* PBXContainerItemProxy */ = {
			isa = PBXContainerItemProxy;
			containerPortal = CB3578532B4B3BA500A45D05 /* Project object */;
			proxyType = 1;
			remoteGlobalIDString = CB35785A2B4B3BA500A45D05;
			remoteInfo = "Apple-Frameworks";
		};
		CB3578772B4B3BA700A45D05 /* PBXContainerItemProxy */ = {
			isa = PBXContainerItemProxy;
			containerPortal = CB3578532B4B3BA500A45D05 /* Project object */;
			proxyType = 1;
			remoteGlobalIDString = CB35785A2B4B3BA500A45D05;
			remoteInfo = "Apple-Frameworks";
		};
/* End PBXContainerItemProxy section */

/* Begin PBXFileReference section */
		CB35785B2B4B3BA500A45D05 /* Apple-Frameworks.app */ = {isa = PBXFileReference; explicitFileType = wrapper.application; includeInIndex = 0; path = "Apple-Frameworks.app"; sourceTree = BUILT_PRODUCTS_DIR; };
		CB35785E2B4B3BA500A45D05 /* Apple_FrameworksApp.swift */ = {isa = PBXFileReference; lastKnownFileType = sourcecode.swift; path = Apple_FrameworksApp.swift; sourceTree = "<group>"; };
		CB3578622B4B3BA700A45D05 /* Assets.xcassets */ = {isa = PBXFileReference; lastKnownFileType = folder.assetcatalog; path = Assets.xcassets; sourceTree = "<group>"; };
		CB3578642B4B3BA700A45D05 /* Apple_Frameworks.entitlements */ = {isa = PBXFileReference; lastKnownFileType = text.plist.entitlements; path = Apple_Frameworks.entitlements; sourceTree = "<group>"; };
		CB3578662B4B3BA700A45D05 /* Preview Assets.xcassets */ = {isa = PBXFileReference; lastKnownFileType = folder.assetcatalog; path = "Preview Assets.xcassets"; sourceTree = "<group>"; };
		CB35786C2B4B3BA700A45D05 /* Apple-FrameworksTests.xctest */ = {isa = PBXFileReference; explicitFileType = wrapper.cfbundle; includeInIndex = 0; path = "Apple-FrameworksTests.xctest"; sourceTree = BUILT_PRODUCTS_DIR; };
		CB3578702B4B3BA700A45D05 /* Apple_FrameworksTests.swift */ = {isa = PBXFileReference; lastKnownFileType = sourcecode.swift; path = Apple_FrameworksTests.swift; sourceTree = "<group>"; };
		CB3578762B4B3BA700A45D05 /* Apple-FrameworksUITests.xctest */ = {isa = PBXFileReference; explicitFileType = wrapper.cfbundle; includeInIndex = 0; path = "Apple-FrameworksUITests.xctest"; sourceTree = BUILT_PRODUCTS_DIR; };
		CB35787A2B4B3BA700A45D05 /* Apple_FrameworksUITests.swift */ = {isa = PBXFileReference; lastKnownFileType = sourcecode.swift; path = Apple_FrameworksUITests.swift; sourceTree = "<group>"; };
		CB35787C2B4B3BA700A45D05 /* Apple_FrameworksUITestsLaunchTests.swift */ = {isa = PBXFileReference; lastKnownFileType = sourcecode.swift; path = Apple_FrameworksUITestsLaunchTests.swift; sourceTree = "<group>"; };
		CB3578892B4B418000A45D05 /* Framework.swift */ = {isa = PBXFileReference; lastKnownFileType = sourcecode.swift; path = Framework.swift; sourceTree = "<group>"; };
		CB35788B2B4B42CD00A45D05 /* FrameworkGridView.swift */ = {isa = PBXFileReference; lastKnownFileType = sourcecode.swift; path = FrameworkGridView.swift; sourceTree = "<group>"; };
		CB35788D2B4B48A500A45D05 /* FrameworkDetailView.swift */ = {isa = PBXFileReference; lastKnownFileType = sourcecode.swift; path = FrameworkDetailView.swift; sourceTree = "<group>"; };
		CB35788F2B4B4A5700A45D05 /* AFButton.swift */ = {isa = PBXFileReference; lastKnownFileType = sourcecode.swift; path = AFButton.swift; sourceTree = "<group>"; };
/* End PBXFileReference section */

/* Begin PBXFrameworksBuildPhase section */
		CB3578582B4B3BA500A45D05 /* Frameworks */ = {
			isa = PBXFrameworksBuildPhase;
			buildActionMask = 2147483647;
			files = (
			);
			runOnlyForDeploymentPostprocessing = 0;
		};
		CB3578692B4B3BA700A45D05 /* Frameworks */ = {
			isa = PBXFrameworksBuildPhase;
			buildActionMask = 2147483647;
			files = (
			);
			runOnlyForDeploymentPostprocessing = 0;
		};
		CB3578732B4B3BA700A45D05 /* Frameworks */ = {
			isa = PBXFrameworksBuildPhase;
			buildActionMask = 2147483647;
			files = (
			);
			runOnlyForDeploymentPostprocessing = 0;
		};
/* End PBXFrameworksBuildPhase section */

/* Begin PBXGroup section */
		CB3578522B4B3BA500A45D05 = {
			isa = PBXGroup;
			children = (
				CB35785D2B4B3BA500A45D05 /* Apple-Frameworks */,
				CB35786F2B4B3BA700A45D05 /* Apple-FrameworksTests */,
				CB3578792B4B3BA700A45D05 /* Apple-FrameworksUITests */,
				CB35785C2B4B3BA500A45D05 /* Products */,
			);
			sourceTree = "<group>";
		};
		CB35785C2B4B3BA500A45D05 /* Products */ = {
			isa = PBXGroup;
			children = (
				CB35785B2B4B3BA500A45D05 /* Apple-Frameworks.app */,
				CB35786C2B4B3BA700A45D05 /* Apple-FrameworksTests.xctest */,
				CB3578762B4B3BA700A45D05 /* Apple-FrameworksUITests.xctest */,
			);
			name = Products;
			sourceTree = "<group>";
		};
		CB35785D2B4B3BA500A45D05 /* Apple-Frameworks */ = {
			isa = PBXGroup;
			children = (
				CB35788D2B4B48A500A45D05 /* FrameworkDetailView.swift */,
				CB35788F2B4B4A5700A45D05 /* AFButton.swift */,
				CB35785E2B4B3BA500A45D05 /* Apple_FrameworksApp.swift */,
				CB3578892B4B418000A45D05 /* Framework.swift */,
				CB35788B2B4B42CD00A45D05 /* FrameworkGridView.swift */,
				CB3578622B4B3BA700A45D05 /* Assets.xcassets */,
				CB3578642B4B3BA700A45D05 /* Apple_Frameworks.entitlements */,
				CB3578652B4B3BA700A45D05 /* Preview Content */,
			);
			path = "Apple-Frameworks";
			sourceTree = "<group>";
		};
		CB3578652B4B3BA700A45D05 /* Preview Content */ = {
			isa = PBXGroup;
			children = (
				CB3578662B4B3BA700A45D05 /* Preview Assets.xcassets */,
			);
			path = "Preview Content";
			sourceTree = "<group>";
		};
		CB35786F2B4B3BA700A45D05 /* Apple-FrameworksTests */ = {
			isa = PBXGroup;
			children = (
				CB3578702B4B3BA700A45D05 /* Apple_FrameworksTests.swift */,
			);
			path = "Apple-FrameworksTests";
			sourceTree = "<group>";
		};
		CB3578792B4B3BA700A45D05 /* Apple-FrameworksUITests */ = {
			isa = PBXGroup;
			children = (
				CB35787A2B4B3BA700A45D05 /* Apple_FrameworksUITests.swift */,
				CB35787C2B4B3BA700A45D05 /* Apple_FrameworksUITestsLaunchTests.swift */,
			);
			path = "Apple-FrameworksUITests";
			sourceTree = "<group>";
		};
/* End PBXGroup section */

/* Begin PBXNativeTarget section */
		CB35785A2B4B3BA500A45D05 /* Apple-Frameworks */ = {
			isa = PBXNativeTarget;
			buildConfigurationList = CB3578802B4B3BA700A45D05 /* Build configuration list for PBXNativeTarget "Apple-Frameworks" */;
			buildPhases = (
				CB3578572B4B3BA500A45D05 /* Sources */,
				CB3578582B4B3BA500A45D05 /* Frameworks */,
				CB3578592B4B3BA500A45D05 /* Resources */,
			);
			buildRules = (
			);
			dependencies = (
			);
			name = "Apple-Frameworks";
			productName = "Apple-Frameworks";
			productReference = CB35785B2B4B3BA500A45D05 /* Apple-Frameworks.app */;
			productType = "com.apple.product-type.application";
		};
		CB35786B2B4B3BA700A45D05 /* Apple-FrameworksTests */ = {
			isa = PBXNativeTarget;
			buildConfigurationList = CB3578832B4B3BA700A45D05 /* Build configuration list for PBXNativeTarget "Apple-FrameworksTests" */;
			buildPhases = (
				CB3578682B4B3BA700A45D05 /* Sources */,
				CB3578692B4B3BA700A45D05 /* Frameworks */,
				CB35786A2B4B3BA700A45D05 /* Resources */,
			);
			buildRules = (
			);
			dependencies = (
				CB35786E2B4B3BA700A45D05 /* PBXTargetDependency */,
			);
			name = "Apple-FrameworksTests";
			productName = "Apple-FrameworksTests";
			productReference = CB35786C2B4B3BA700A45D05 /* Apple-FrameworksTests.xctest */;
			productType = "com.apple.product-type.bundle.unit-test";
		};
		CB3578752B4B3BA700A45D05 /* Apple-FrameworksUITests */ = {
			isa = PBXNativeTarget;
			buildConfigurationList = CB3578862B4B3BA700A45D05 /* Build configuration list for PBXNativeTarget "Apple-FrameworksUITests" */;
			buildPhases = (
				CB3578722B4B3BA700A45D05 /* Sources */,
				CB3578732B4B3BA700A45D05 /* Frameworks */,
				CB3578742B4B3BA700A45D05 /* Resources */,
			);
			buildRules = (
			);
			dependencies = (
				CB3578782B4B3BA700A45D05 /* PBXTargetDependency */,
			);
			name = "Apple-FrameworksUITests";
			productName = "Apple-FrameworksUITests";
			productReference = CB3578762B4B3BA700A45D05 /* Apple-FrameworksUITests.xctest */;
			productType = "com.apple.product-type.bundle.ui-testing";
		};
/* End PBXNativeTarget section */

/* Begin PBXProject section */
		CB3578532B4B3BA500A45D05 /* Project object */ = {
			isa = PBXProject;
			attributes = {
				BuildIndependentTargetsInParallel = 1;
				LastSwiftUpdateCheck = 1510;
				LastUpgradeCheck = 1510;
				TargetAttributes = {
					CB35785A2B4B3BA500A45D05 = {
						CreatedOnToolsVersion = 15.1;
					};
					CB35786B2B4B3BA700A45D05 = {
						CreatedOnToolsVersion = 15.1;
						TestTargetID = CB35785A2B4B3BA500A45D05;
					};
					CB3578752B4B3BA700A45D05 = {
						CreatedOnToolsVersion = 15.1;
						TestTargetID = CB35785A2B4B3BA500A45D05;
					};
				};
			};
			buildConfigurationList = CB3578562B4B3BA500A45D05 /* Build configuration list for PBXProject "Apple-Frameworks" */;
			compatibilityVersion = "Xcode 14.0";
			developmentRegion = en;
			hasScannedForEncodings = 0;
			knownRegions = (
				en,
				Base,
			);
			mainGroup = CB3578522B4B3BA500A45D05;
			productRefGroup = CB35785C2B4B3BA500A45D05 /* Products */;
			projectDirPath = "";
			projectRoot = "";
			targets = (
				CB35785A2B4B3BA500A45D05 /* Apple-Frameworks */,
				CB35786B2B4B3BA700A45D05 /* Apple-FrameworksTests */,
				CB3578752B4B3BA700A45D05 /* Apple-FrameworksUITests */,
			);
		};
/* End PBXProject section */

/* Begin PBXResourcesBuildPhase section */
		CB3578592B4B3BA500A45D05 /* Resources */ = {
			isa = PBXResourcesBuildPhase;
			buildActionMask = 2147483647;
			files = (
				CB3578672B4B3BA700A45D05 /* Preview Assets.xcassets in Resources */,
				CB3578632B4B3BA700A45D05 /* Assets.xcassets in Resources */,
			);
			runOnlyForDeploymentPostprocessing = 0;
		};
		CB35786A2B4B3BA700A45D05 /* Resources */ = {
			isa = PBXResourcesBuildPhase;
			buildActionMask = 2147483647;
			files = (
			);
			runOnlyForDeploymentPostprocessing = 0;
		};
		CB3578742B4B3BA700A45D05 /* Resources */ = {
			isa = PBXResourcesBuildPhase;
			buildActionMask = 2147483647;
			files = (
			);
			runOnlyForDeploymentPostprocessing = 0;
		};
/* End PBXResourcesBuildPhase section */

/* Begin PBXSourcesBuildPhase section */
		CB3578572B4B3BA500A45D05 /* Sources */ = {
			isa = PBXSourcesBuildPhase;
			buildActionMask = 2147483647;
			files = (
				CB35788E2B4B48A500A45D05 /* FrameworkDetailView.swift in Sources */,
				CB35788C2B4B42CD00A45D05 /* FrameworkGridView.swift in Sources */,
				CB35788A2B4B418000A45D05 /* Framework.swift in Sources */,
				CB3578902B4B4A5700A45D05 /* AFButton.swift in Sources */,
				CB35785F2B4B3BA500A45D05 /* Apple_FrameworksApp.swift in Sources */,
			);
			runOnlyForDeploymentPostprocessing = 0;
		};
		CB3578682B4B3BA700A45D05 /* Sources */ = {
			isa = PBXSourcesBuildPhase;
			buildActionMask = 2147483647;
			files = (
				CB3578712B4B3BA700A45D05 /* Apple_FrameworksTests.swift in Sources */,
			);
			runOnlyForDeploymentPostprocessing = 0;
		};
		CB3578722B4B3BA700A45D05 /* Sources */ = {
			isa = PBXSourcesBuildPhase;
			buildActionMask = 2147483647;
			files = (
				CB35787D2B4B3BA700A45D05 /* Apple_FrameworksUITestsLaunchTests.swift in Sources */,
				CB35787B2B4B3BA700A45D05 /* Apple_FrameworksUITests.swift in Sources */,
			);
			runOnlyForDeploymentPostprocessing = 0;
		};
/* End PBXSourcesBuildPhase section */

/* Begin PBXTargetDependency section */
		CB35786E2B4B3BA700A45D05 /* PBXTargetDependency */ = {
			isa = PBXTargetDependency;
			target = CB35785A2B4B3BA500A45D05 /* Apple-Frameworks */;
			targetProxy = CB35786D2B4B3BA700A45D05 /* PBXContainerItemProxy */;
		};
		CB3578782B4B3BA700A45D05 /* PBXTargetDependency */ = {
			isa = PBXTargetDependency;
			target = CB35785A2B4B3BA500A45D05 /* Apple-Frameworks */;
			targetProxy = CB3578772B4B3BA700A45D05 /* PBXContainerItemProxy */;
		};
/* End PBXTargetDependency section */

/* Begin XCBuildConfiguration section */
		CB35787E2B4B3BA700A45D05 /* Debug */ = {
			isa = XCBuildConfiguration;
			buildSettings = {
				ALWAYS_SEARCH_USER_PATHS = NO;
				ASSETCATALOG_COMPILER_GENERATE_SWIFT_ASSET_SYMBOL_EXTENSIONS = YES;
				CLANG_ANALYZER_NONNULL = YES;
				CLANG_ANALYZER_NUMBER_OBJECT_CONVERSION = YES_AGGRESSIVE;
				CLANG_CXX_LANGUAGE_STANDARD = "gnu++20";
				CLANG_ENABLE_MODULES = YES;
				CLANG_ENABLE_OBJC_ARC = YES;
				CLANG_ENABLE_OBJC_WEAK = YES;
				CLANG_WARN_BLOCK_CAPTURE_AUTORELEASING = YES;
				CLANG_WARN_BOOL_CONVERSION = YES;
				CLANG_WARN_COMMA = YES;
				CLANG_WARN_CONSTANT_CONVERSION = YES;
				CLANG_WARN_DEPRECATED_OBJC_IMPLEMENTATIONS = YES;
				CLANG_WARN_DIRECT_OBJC_ISA_USAGE = YES_ERROR;
				CLANG_WARN_DOCUMENTATION_COMMENTS = YES;
				CLANG_WARN_EMPTY_BODY = YES;
				CLANG_WARN_ENUM_CONVERSION = YES;
				CLANG_WARN_INFINITE_RECURSION = YES;
				CLANG_WARN_INT_CONVERSION = YES;
				CLANG_WARN_NON_LITERAL_NULL_CONVERSION = YES;
				CLANG_WARN_OBJC_IMPLICIT_RETAIN_SELF = YES;
				CLANG_WARN_OBJC_LITERAL_CONVERSION = YES;
				CLANG_WARN_OBJC_ROOT_CLASS = YES_ERROR;
				CLANG_WARN_QUOTED_INCLUDE_IN_FRAMEWORK_HEADER = YES;
				CLANG_WARN_RANGE_LOOP_ANALYSIS = YES;
				CLANG_WARN_STRICT_PROTOTYPES = YES;
				CLANG_WARN_SUSPICIOUS_MOVE = YES;
				CLANG_WARN_UNGUARDED_AVAILABILITY = YES_AGGRESSIVE;
				CLANG_WARN_UNREACHABLE_CODE = YES;
				CLANG_WARN__DUPLICATE_METHOD_MATCH = YES;
				COPY_PHASE_STRIP = NO;
				DEBUG_INFORMATION_FORMAT = dwarf;
				ENABLE_STRICT_OBJC_MSGSEND = YES;
				ENABLE_TESTABILITY = YES;
				ENABLE_USER_SCRIPT_SANDBOXING = YES;
				GCC_C_LANGUAGE_STANDARD = gnu17;
				GCC_DYNAMIC_NO_PIC = NO;
				GCC_NO_COMMON_BLOCKS = YES;
				GCC_OPTIMIZATION_LEVEL = 0;
				GCC_PREPROCESSOR_DEFINITIONS = (
					"DEBUG=1",
					"$(inherited)",
				);
				GCC_WARN_64_TO_32_BIT_CONVERSION = YES;
				GCC_WARN_ABOUT_RETURN_TYPE = YES_ERROR;
				GCC_WARN_UNDECLARED_SELECTOR = YES;
				GCC_WARN_UNINITIALIZED_AUTOS = YES_AGGRESSIVE;
				GCC_WARN_UNUSED_FUNCTION = YES;
				GCC_WARN_UNUSED_VARIABLE = YES;
				LOCALIZATION_PREFERS_STRING_CATALOGS = YES;
				MTL_ENABLE_DEBUG_INFO = INCLUDE_SOURCE;
				MTL_FAST_MATH = YES;
				ONLY_ACTIVE_ARCH = YES;
				SWIFT_ACTIVE_COMPILATION_CONDITIONS = "DEBUG $(inherited)";
				SWIFT_OPTIMIZATION_LEVEL = "-Onone";
			};
			name = Debug;
		};
		CB35787F2B4B3BA700A45D05 /* Release */ = {
			isa = XCBuildConfiguration;
			buildSettings = {
				ALWAYS_SEARCH_USER_PATHS = NO;
				ASSETCATALOG_COMPILER_GENERATE_SWIFT_ASSET_SYMBOL_EXTENSIONS = YES;
				CLANG_ANALYZER_NONNULL = YES;
				CLANG_ANALYZER_NUMBER_OBJECT_CONVERSION = YES_AGGRESSIVE;
				CLANG_CXX_LANGUAGE_STANDARD = "gnu++20";
				CLANG_ENABLE_MODULES = YES;
				CLANG_ENABLE_OBJC_ARC = YES;
				CLANG_ENABLE_OBJC_WEAK = YES;
				CLANG_WARN_BLOCK_CAPTURE_AUTORELEASING = YES;
				CLANG_WARN_BOOL_CONVERSION = YES;
				CLANG_WARN_COMMA = YES;
				CLANG_WARN_CONSTANT_CONVERSION = YES;
				CLANG_WARN_DEPRECATED_OBJC_IMPLEMENTATIONS = YES;
				CLANG_WARN_DIRECT_OBJC_ISA_USAGE = YES_ERROR;
				CLANG_WARN_DOCUMENTATION_COMMENTS = YES;
				CLANG_WARN_EMPTY_BODY = YES;
				CLANG_WARN_ENUM_CONVERSION = YES;
				CLANG_WARN_INFINITE_RECURSION = YES;
				CLANG_WARN_INT_CONVERSION = YES;
				CLANG_WARN_NON_LITERAL_NULL_CONVERSION = YES;
				CLANG_WARN_OBJC_IMPLICIT_RETAIN_SELF = YES;
				CLANG_WARN_OBJC_LITERAL_CONVERSION = YES;
				CLANG_WARN_OBJC_ROOT_CLASS = YES_ERROR;
				CLANG_WARN_QUOTED_INCLUDE_IN_FRAMEWORK_HEADER = YES;
				CLANG_WARN_RANGE_LOOP_ANALYSIS = YES;
				CLANG_WARN_STRICT_PROTOTYPES = YES;
				CLANG_WARN_SUSPICIOUS_MOVE = YES;
				CLANG_WARN_UNGUARDED_AVAILABILITY = YES_AGGRESSIVE;
				CLANG_WARN_UNREACHABLE_CODE = YES;
				CLANG_WARN__DUPLICATE_METHOD_MATCH = YES;
				COPY_PHASE_STRIP = NO;
				DEBUG_INFORMATION_FORMAT = "dwarf-with-dsym";
				ENABLE_NS_ASSERTIONS = NO;
				ENABLE_STRICT_OBJC_MSGSEND = YES;
				ENABLE_USER_SCRIPT_SANDBOXING = YES;
				GCC_C_LANGUAGE_STANDARD = gnu17;
				GCC_NO_COMMON_BLOCKS = YES;
				GCC_WARN_64_TO_32_BIT_CONVERSION = YES;
				GCC_WARN_ABOUT_RETURN_TYPE = YES_ERROR;
				GCC_WARN_UNDECLARED_SELECTOR = YES;
				GCC_WARN_UNINITIALIZED_AUTOS = YES_AGGRESSIVE;
				GCC_WARN_UNUSED_FUNCTION = YES;
				GCC_WARN_UNUSED_VARIABLE = YES;
				LOCALIZATION_PREFERS_STRING_CATALOGS = YES;
				MTL_ENABLE_DEBUG_INFO = NO;
				MTL_FAST_MATH = YES;
				SWIFT_COMPILATION_MODE = wholemodule;
			};
			name = Release;
		};
		CB3578812B4B3BA700A45D05 /* Debug */ = {
			isa = XCBuildConfiguration;
			buildSettings = {
				ASSETCATALOG_COMPILER_APPICON_NAME = AppIcon;
				ASSETCATALOG_COMPILER_GLOBAL_ACCENT_COLOR_NAME = AccentColor;
				CODE_SIGN_ENTITLEMENTS = "Apple-Frameworks/Apple_Frameworks.entitlements";
				CODE_SIGN_STYLE = Automatic;
				CURRENT_PROJECT_VERSION = 1;
				DEVELOPMENT_ASSET_PATHS = "\"Apple-Frameworks/Preview Content\"";
				ENABLE_PREVIEWS = YES;
				GENERATE_INFOPLIST_FILE = YES;
				"INFOPLIST_KEY_UIApplicationSceneManifest_Generation[sdk=iphoneos*]" = YES;
				"INFOPLIST_KEY_UIApplicationSceneManifest_Generation[sdk=iphonesimulator*]" = YES;
				"INFOPLIST_KEY_UIApplicationSupportsIndirectInputEvents[sdk=iphoneos*]" = YES;
				"INFOPLIST_KEY_UIApplicationSupportsIndirectInputEvents[sdk=iphonesimulator*]" = YES;
				"INFOPLIST_KEY_UILaunchScreen_Generation[sdk=iphoneos*]" = YES;
				"INFOPLIST_KEY_UILaunchScreen_Generation[sdk=iphonesimulator*]" = YES;
				"INFOPLIST_KEY_UIStatusBarStyle[sdk=iphoneos*]" = UIStatusBarStyleDefault;
				"INFOPLIST_KEY_UIStatusBarStyle[sdk=iphonesimulator*]" = UIStatusBarStyleDefault;
				INFOPLIST_KEY_UISupportedInterfaceOrientations_iPad = "UIInterfaceOrientationPortrait UIInterfaceOrientationPortraitUpsideDown UIInterfaceOrientationLandscapeLeft UIInterfaceOrientationLandscapeRight";
				INFOPLIST_KEY_UISupportedInterfaceOrientations_iPhone = "UIInterfaceOrientationPortrait UIInterfaceOrientationLandscapeLeft UIInterfaceOrientationLandscapeRight";
				IPHONEOS_DEPLOYMENT_TARGET = 17.2;
				LD_RUNPATH_SEARCH_PATHS = "@executable_path/Frameworks";
				"LD_RUNPATH_SEARCH_PATHS[sdk=macosx*]" = "@executable_path/../Frameworks";
				MACOSX_DEPLOYMENT_TARGET = 14.2;
				MARKETING_VERSION = 1.0;
				PRODUCT_BUNDLE_IDENTIFIER = "co.arthur.Apple-Frameworks";
				PRODUCT_NAME = "$(TARGET_NAME)";
				SDKROOT = auto;
				SUPPORTED_PLATFORMS = "iphoneos iphonesimulator macosx";
				SWIFT_EMIT_LOC_STRINGS = YES;
				SWIFT_VERSION = 5.0;
				TARGETED_DEVICE_FAMILY = "1,2";
			};
			name = Debug;
		};
		CB3578822B4B3BA700A45D05 /* Release */ = {
			isa = XCBuildConfiguration;
			buildSettings = {
				ASSETCATALOG_COMPILER_APPICON_NAME = AppIcon;
				ASSETCATALOG_COMPILER_GLOBAL_ACCENT_COLOR_NAME = AccentColor;
				CODE_SIGN_ENTITLEMENTS = "Apple-Frameworks/Apple_Frameworks.entitlements";
				CODE_SIGN_STYLE = Automatic;
				CURRENT_PROJECT_VERSION = 1;
				DEVELOPMENT_ASSET_PATHS = "\"Apple-Frameworks/Preview Content\"";
				ENABLE_PREVIEWS = YES;
				GENERATE_INFOPLIST_FILE = YES;
				"INFOPLIST_KEY_UIApplicationSceneManifest_Generation[sdk=iphoneos*]" = YES;
				"INFOPLIST_KEY_UIApplicationSceneManifest_Generation[sdk=iphonesimulator*]" = YES;
				"INFOPLIST_KEY_UIApplicationSupportsIndirectInputEvents[sdk=iphoneos*]" = YES;
				"INFOPLIST_KEY_UIApplicationSupportsIndirectInputEvents[sdk=iphonesimulator*]" = YES;
				"INFOPLIST_KEY_UILaunchScreen_Generation[sdk=iphoneos*]" = YES;
				"INFOPLIST_KEY_UILaunchScreen_Generation[sdk=iphonesimulator*]" = YES;
				"INFOPLIST_KEY_UIStatusBarStyle[sdk=iphoneos*]" = UIStatusBarStyleDefault;
				"INFOPLIST_KEY_UIStatusBarStyle[sdk=iphonesimulator*]" = UIStatusBarStyleDefault;
				INFOPLIST_KEY_UISupportedInterfaceOrientations_iPad = "UIInterfaceOrientationPortrait UIInterfaceOrientationPortraitUpsideDown UIInterfaceOrientationLandscapeLeft UIInterfaceOrientationLandscapeRight";
				INFOPLIST_KEY_UISupportedInterfaceOrientations_iPhone = "UIInterfaceOrientationPortrait UIInterfaceOrientationLandscapeLeft UIInterfaceOrientationLandscapeRight";
				IPHONEOS_DEPLOYMENT_TARGET = 17.2;
				LD_RUNPATH_SEARCH_PATHS = "@executable_path/Frameworks";
				"LD_RUNPATH_SEARCH_PATHS[sdk=macosx*]" = "@executable_path/../Frameworks";
				MACOSX_DEPLOYMENT_TARGET = 14.2;
				MARKETING_VERSION = 1.0;
				PRODUCT_BUNDLE_IDENTIFIER = "co.arthur.Apple-Frameworks";
				PRODUCT_NAME = "$(TARGET_NAME)";
				SDKROOT = auto;
				SUPPORTED_PLATFORMS = "iphoneos iphonesimulator macosx";
				SWIFT_EMIT_LOC_STRINGS = YES;
				SWIFT_VERSION = 5.0;
				TARGETED_DEVICE_FAMILY = "1,2";
			};
			name = Release;
		};
		CB3578842B4B3BA700A45D05 /* Debug */ = {
			isa = XCBuildConfiguration;
			buildSettings = {
				ALWAYS_EMBED_SWIFT_STANDARD_LIBRARIES = YES;
				BUNDLE_LOADER = "$(TEST_HOST)";
				CODE_SIGN_STYLE = Automatic;
				CURRENT_PROJECT_VERSION = 1;
				GENERATE_INFOPLIST_FILE = YES;
				IPHONEOS_DEPLOYMENT_TARGET = 17.2;
				MACOSX_DEPLOYMENT_TARGET = 14.2;
				MARKETING_VERSION = 1.0;
				PRODUCT_BUNDLE_IDENTIFIER = "co.arthur.Apple-FrameworksTests";
				PRODUCT_NAME = "$(TARGET_NAME)";
				SDKROOT = auto;
				SUPPORTED_PLATFORMS = "iphoneos iphonesimulator macosx";
				SWIFT_EMIT_LOC_STRINGS = NO;
				SWIFT_VERSION = 5.0;
				TARGETED_DEVICE_FAMILY = "1,2";
				TEST_HOST = "$(BUILT_PRODUCTS_DIR)/Apple-Frameworks.app/$(BUNDLE_EXECUTABLE_FOLDER_PATH)/Apple-Frameworks";
			};
			name = Debug;
		};
		CB3578852B4B3BA700A45D05 /* Release */ = {
			isa = XCBuildConfiguration;
			buildSettings = {
				ALWAYS_EMBED_SWIFT_STANDARD_LIBRARIES = YES;
				BUNDLE_LOADER = "$(TEST_HOST)";
				CODE_SIGN_STYLE = Automatic;
				CURRENT_PROJECT_VERSION = 1;
				GENERATE_INFOPLIST_FILE = YES;
				IPHONEOS_DEPLOYMENT_TARGET = 17.2;
				MACOSX_DEPLOYMENT_TARGET = 14.2;
				MARKETING_VERSION = 1.0;
				PRODUCT_BUNDLE_IDENTIFIER = "co.arthur.Apple-FrameworksTests";
				PRODUCT_NAME = "$(TARGET_NAME)";
				SDKROOT = auto;
				SUPPORTED_PLATFORMS = "iphoneos iphonesimulator macosx";
				SWIFT_EMIT_LOC_STRINGS = NO;
				SWIFT_VERSION = 5.0;
				TARGETED_DEVICE_FAMILY = "1,2";
				TEST_HOST = "$(BUILT_PRODUCTS_DIR)/Apple-Frameworks.app/$(BUNDLE_EXECUTABLE_FOLDER_PATH)/Apple-Frameworks";
			};
			name = Release;
		};
		CB3578872B4B3BA700A45D05 /* Debug */ = {
			isa = XCBuildConfiguration;
			buildSettings = {
				ALWAYS_EMBED_SWIFT_STANDARD_LIBRARIES = YES;
				CODE_SIGN_STYLE = Automatic;
				CURRENT_PROJECT_VERSION = 1;
				GENERATE_INFOPLIST_FILE = YES;
				IPHONEOS_DEPLOYMENT_TARGET = 17.2;
				MACOSX_DEPLOYMENT_TARGET = 14.2;
				MARKETING_VERSION = 1.0;
				PRODUCT_BUNDLE_IDENTIFIER = "co.arthur.Apple-FrameworksUITests";
				PRODUCT_NAME = "$(TARGET_NAME)";
				SDKROOT = auto;
				SUPPORTED_PLATFORMS = "iphoneos iphonesimulator macosx";
				SWIFT_EMIT_LOC_STRINGS = NO;
				SWIFT_VERSION = 5.0;
				TARGETED_DEVICE_FAMILY = "1,2";
				TEST_TARGET_NAME = "Apple-Frameworks";
			};
			name = Debug;
		};
		CB3578882B4B3BA700A45D05 /* Release */ = {
			isa = XCBuildConfiguration;
			buildSettings = {
				ALWAYS_EMBED_SWIFT_STANDARD_LIBRARIES = YES;
				CODE_SIGN_STYLE = Automatic;
				CURRENT_PROJECT_VERSION = 1;
				GENERATE_INFOPLIST_FILE = YES;
				IPHONEOS_DEPLOYMENT_TARGET = 17.2;
				MACOSX_DEPLOYMENT_TARGET = 14.2;
				MARKETING_VERSION = 1.0;
				PRODUCT_BUNDLE_IDENTIFIER = "co.arthur.Apple-FrameworksUITests";
				PRODUCT_NAME = "$(TARGET_NAME)";
				SDKROOT = auto;
				SUPPORTED_PLATFORMS = "iphoneos iphonesimulator macosx";
				SWIFT_EMIT_LOC_STRINGS = NO;
				SWIFT_VERSION = 5.0;
				TARGETED_DEVICE_FAMILY = "1,2";
				TEST_TARGET_NAME = "Apple-Frameworks";
			};
			name = Release;
		};
/* End XCBuildConfiguration section */

/* Begin XCConfigurationList section */
		CB3578562B4B3BA500A45D05 /* Build configuration list for PBXProject "Apple-Frameworks" */ = {
			isa = XCConfigurationList;
			buildConfigurations = (
				CB35787E2B4B3BA700A45D05 /* Debug */,
				CB35787F2B4B3BA700A45D05 /* Release */,
			);
			defaultConfigurationIsVisible = 0;
			defaultConfigurationName = Release;
		};
		CB3578802B4B3BA700A45D05 /* Build configuration list for PBXNativeTarget "Apple-Frameworks" */ = {
			isa = XCConfigurationList;
			buildConfigurations = (
				CB3578812B4B3BA700A45D05 /* Debug */,
				CB3578822B4B3BA700A45D05 /* Release */,
			);
			defaultConfigurationIsVisible = 0;
			defaultConfigurationName = Release;
		};
		CB3578832B4B3BA700A45D05 /* Build configuration list for PBXNativeTarget "Apple-FrameworksTests" */ = {
			isa = XCConfigurationList;
			buildConfigurations = (
				CB3578842B4B3BA700A45D05 /* Debug */,
				CB3578852B4B3BA700A45D05 /* Release */,
			);
			defaultConfigurationIsVisible = 0;
			defaultConfigurationName = Release;
		};
		CB3578862B4B3BA700A45D05 /* Build configuration list for PBXNativeTarget "Apple-FrameworksUITests" */ = {
			isa = XCConfigurationList;
			buildConfigurations = (
				CB3578872B4B3BA700A45D05 /* Debug */,
				CB3578882B4B3BA700A45D05 /* Release */,
			);
			defaultConfigurationIsVisible = 0;
			defaultConfigurationName = Release;
		};
/* End XCConfigurationList section */
	};
	rootObject = CB3578532B4B3BA500A45D05 /* Project object */;
}
